
Microsoft Visual Studio Solution File, Format Version 12.00
# Visual Studio Version 17
VisualStudioVersion = 17.9.34407.89
MinimumVisualStudioVersion = 10.0.40219.1
Project("{9A19103F-16F7-4668-BE54-9A1E7A4F7556}") = "Example1-Console", "Example1-Console\Example1-Console.csproj", "{EC6DAB98-202D-49D4-8519-BB80EB358023}"
EndProject
Project("{9A19103F-16F7-4668-BE54-9A1E7A4F7556}") = "Example2-FileInput", "Example2-FileInput\Example2-FileInput.csproj", "{F5586902-8069-4285-AA8B-5C4C0A855A15}"
EndProject
Project("{9A19103F-16F7-4668-BE54-9A1E7A4F7556}") = "Example3-InputRefined", "Example3-InputRefined\Example3-InputRefined.csproj", "{C3600368-5AF6-46AD-ACD7-FEA4D8963D53}"
EndProject
Global
	GlobalSection(SolutionConfigurationPlatforms) = preSolution
		Debug|Any CPU = Debug|Any CPU
		Release|Any CPU = Release|Any CPU
	EndGlobalSection
	GlobalSection(ProjectConfigurationPlatforms) = postSolution
		{EC6DAB98-202D-49D4-8519-BB80EB358023}.Debug|Any CPU.ActiveCfg = Debug|Any CPU
		{EC6DAB98-202D-49D4-8519-BB80EB358023}.Debug|Any CPU.Build.0 = Debug|Any CPU
		{EC6DAB98-202D-49D4-8519-BB80EB358023}.Release|Any CPU.ActiveCfg = Release|Any CPU
		{EC6DAB98-202D-49D4-8519-BB80EB358023}.Release|Any CPU.Build.0 = Release|Any CPU
		{F5586902-8069-4285-AA8B-5C4C0A855A15}.Debug|Any CPU.ActiveCfg = Debug|Any CPU
		{F5586902-8069-4285-AA8B-5C4C0A855A15}.Debug|Any CPU.Build.0 = Debug|Any CPU
		{F5586902-8069-4285-AA8B-5C4C0A855A15}.Release|Any CPU.ActiveCfg = Release|Any CPU
		{F5586902-8069-4285-AA8B-5C4C0A855A15}.Release|Any CPU.Build.0 = Release|Any CPU
		{C3600368-5AF6-46AD-ACD7-FEA4D8963D53}.Debug|Any CPU.ActiveCfg = Debug|Any CPU
		{C3600368-5AF6-46AD-ACD7-FEA4D8963D53}.Debug|Any CPU.Build.0 = Debug|Any CPU
		{C3600368-5AF6-46AD-ACD7-FEA4D8963D53}.Release|Any CPU.ActiveCfg = Release|Any CPU
		{C3600368-5AF6-46AD-ACD7-FEA4D8963D53}.Release|Any CPU.Build.0 = Release|Any CPU
	EndGlobalSection
	GlobalSection(SolutionProperties) = preSolution
		HideSolutionNode = FALSE
	EndGlobalSection
	GlobalSection(ExtensibilityGlobals) = postSolution
		SolutionGuid = {BC59A64D-0728-4BFC-B465-ABFA727B0C1B}
	EndGlobalSection
EndGlobal
