
Microsoft Visual Studio Solution File, Format Version 12.00
# Visual Studio Version 17
VisualStudioVersion = 17.9.34407.89
MinimumVisualStudioVersion = 10.0.40219.1
Project("{9A19103F-16F7-4668-BE54-9A1E7A4F7556}") = "Example1-Console", "Example1-Console\Example1-Console.csproj", "{EC6DAB98-202D-49D4-8519-BB80EB358023}"
EndProject
Project("{9A19103F-16F7-4668-BE54-9A1E7A4F7556}") = "Example2-FileInput", "Example2-FileInput\Example2-FileInput.csproj", "{F5586902-8069-4285-AA8B-5C4C0A855A15}"
EndProject
Project("{9A19103F-16F7-4668-BE54-9A1E7A4F7556}") = "Example3-InputRefined", "Example3-InputRefined\Example3-InputRefined.csproj", "{C3600368-5AF6-46AD-ACD7-FEA4D8963D53}"
EndProject
Project("{9A19103F-16F7-4668-BE54-9A1E7A4F7556}") = "Example4-CreatingEmbeddings", "Example4-CreatingEmbeddings\Example4-CreatingEmbeddings.csproj", "{6D0744D5-C603-4497-BA41-01C03F0053EE}"
EndProject
Project("{9A19103F-16F7-4668-BE54-9A1E7A4F7556}") = "Example5-UsingEmbeddings", "Example5-UsingEmbeddings\Example5-UsingEmbeddings.csproj", "{8076D325-FEED-4ADD-8A23-3A9C8FE47A30}"
EndProject
Project("{9A19103F-16F7-4668-BE54-9A1E7A4F7556}") = "Example6-UsingEmbeddings2", "Example6-UsingEmbeddings2\Example6-UsingEmbeddings2.csproj", "{561F3BB3-174E-4528-967E-59CA82BC6949}"
EndProject
Project("{9A19103F-16F7-4668-BE54-9A1E7A4F7556}") = "Example7-GPTSentimentAnalysis", "Example7-GPTSentimentAnalysis\Example7-GPTSentimentAnalysis.csproj", "{865A7FD6-EFD3-4ECB-9A1E-C8D29FAABC5C}"
EndProject
Project("{9A19103F-16F7-4668-BE54-9A1E7A4F7556}") = "Example8-LanguageServiceSentimentAnalysis", "Example8-LanguageServiceSentimentAnalysis\Example8-LanguageServiceSentimentAnalysis.csproj", "{AB24808F-24E7-4934-85A6-9BE2485CAD1B}"
EndProject
Project("{FAE04EC0-301F-11D3-BF4B-00C04F79EFBC}") = "Shared", "Shared\Shared.csproj", "{EDA918C4-A081-4312-A43F-23E3932C824B}"
EndProject
Project("{9A19103F-16F7-4668-BE54-9A1E7A4F7556}") = "Example9-DocumentIntelligence", "Example9-DocumentIntelligence\Example9-DocumentIntelligence.csproj", "{277EED63-437C-43B1-8772-05AC7739A642}"
EndProject
Global
	GlobalSection(SolutionConfigurationPlatforms) = preSolution
		Debug|Any CPU = Debug|Any CPU
		Release|Any CPU = Release|Any CPU
	EndGlobalSection
	GlobalSection(ProjectConfigurationPlatforms) = postSolution
		{EC6DAB98-202D-49D4-8519-BB80EB358023}.Debug|Any CPU.ActiveCfg = Debug|Any CPU
		{EC6DAB98-202D-49D4-8519-BB80EB358023}.Debug|Any CPU.Build.0 = Debug|Any CPU
		{EC6DAB98-202D-49D4-8519-BB80EB358023}.Release|Any CPU.ActiveCfg = Release|Any CPU
		{EC6DAB98-202D-49D4-8519-BB80EB358023}.Release|Any CPU.Build.0 = Release|Any CPU
		{F5586902-8069-4285-AA8B-5C4C0A855A15}.Debug|Any CPU.ActiveCfg = Debug|Any CPU
		{F5586902-8069-4285-AA8B-5C4C0A855A15}.Debug|Any CPU.Build.0 = Debug|Any CPU
		{F5586902-8069-4285-AA8B-5C4C0A855A15}.Release|Any CPU.ActiveCfg = Release|Any CPU
		{F5586902-8069-4285-AA8B-5C4C0A855A15}.Release|Any CPU.Build.0 = Release|Any CPU
		{C3600368-5AF6-46AD-ACD7-FEA4D8963D53}.Debug|Any CPU.ActiveCfg = Debug|Any CPU
		{C3600368-5AF6-46AD-ACD7-FEA4D8963D53}.Debug|Any CPU.Build.0 = Debug|Any CPU
		{C3600368-5AF6-46AD-ACD7-FEA4D8963D53}.Release|Any CPU.ActiveCfg = Release|Any CPU
		{C3600368-5AF6-46AD-ACD7-FEA4D8963D53}.Release|Any CPU.Build.0 = Release|Any CPU
		{6D0744D5-C603-4497-BA41-01C03F0053EE}.Debug|Any CPU.ActiveCfg = Debug|Any CPU
		{6D0744D5-C603-4497-BA41-01C03F0053EE}.Debug|Any CPU.Build.0 = Debug|Any CPU
		{6D0744D5-C603-4497-BA41-01C03F0053EE}.Release|Any CPU.ActiveCfg = Release|Any CPU
		{6D0744D5-C603-4497-BA41-01C03F0053EE}.Release|Any CPU.Build.0 = Release|Any CPU
		{8076D325-FEED-4ADD-8A23-3A9C8FE47A30}.Debug|Any CPU.ActiveCfg = Debug|Any CPU
		{8076D325-FEED-4ADD-8A23-3A9C8FE47A30}.Debug|Any CPU.Build.0 = Debug|Any CPU
		{8076D325-FEED-4ADD-8A23-3A9C8FE47A30}.Release|Any CPU.ActiveCfg = Release|Any CPU
		{8076D325-FEED-4ADD-8A23-3A9C8FE47A30}.Release|Any CPU.Build.0 = Release|Any CPU
		{561F3BB3-174E-4528-967E-59CA82BC6949}.Debug|Any CPU.ActiveCfg = Debug|Any CPU
		{561F3BB3-174E-4528-967E-59CA82BC6949}.Debug|Any CPU.Build.0 = Debug|Any CPU
		{561F3BB3-174E-4528-967E-59CA82BC6949}.Release|Any CPU.ActiveCfg = Release|Any CPU
		{561F3BB3-174E-4528-967E-59CA82BC6949}.Release|Any CPU.Build.0 = Release|Any CPU
		{865A7FD6-EFD3-4ECB-9A1E-C8D29FAABC5C}.Debug|Any CPU.ActiveCfg = Debug|Any CPU
		{865A7FD6-EFD3-4ECB-9A1E-C8D29FAABC5C}.Debug|Any CPU.Build.0 = Debug|Any CPU
		{865A7FD6-EFD3-4ECB-9A1E-C8D29FAABC5C}.Release|Any CPU.ActiveCfg = Release|Any CPU
		{865A7FD6-EFD3-4ECB-9A1E-C8D29FAABC5C}.Release|Any CPU.Build.0 = Release|Any CPU
		{AB24808F-24E7-4934-85A6-9BE2485CAD1B}.Debug|Any CPU.ActiveCfg = Debug|Any CPU
		{AB24808F-24E7-4934-85A6-9BE2485CAD1B}.Debug|Any CPU.Build.0 = Debug|Any CPU
		{AB24808F-24E7-4934-85A6-9BE2485CAD1B}.Release|Any CPU.ActiveCfg = Release|Any CPU
		{AB24808F-24E7-4934-85A6-9BE2485CAD1B}.Release|Any CPU.Build.0 = Release|Any CPU
		{EDA918C4-A081-4312-A43F-23E3932C824B}.Debug|Any CPU.ActiveCfg = Debug|Any CPU
		{EDA918C4-A081-4312-A43F-23E3932C824B}.Debug|Any CPU.Build.0 = Debug|Any CPU
		{EDA918C4-A081-4312-A43F-23E3932C824B}.Release|Any CPU.ActiveCfg = Release|Any CPU
		{EDA918C4-A081-4312-A43F-23E3932C824B}.Release|Any CPU.Build.0 = Release|Any CPU
		{277EED63-437C-43B1-8772-05AC7739A642}.Debug|Any CPU.ActiveCfg = Debug|Any CPU
		{277EED63-437C-43B1-8772-05AC7739A642}.Debug|Any CPU.Build.0 = Debug|Any CPU
		{277EED63-437C-43B1-8772-05AC7739A642}.Release|Any CPU.ActiveCfg = Release|Any CPU
		{277EED63-437C-43B1-8772-05AC7739A642}.Release|Any CPU.Build.0 = Release|Any CPU
	EndGlobalSection
	GlobalSection(SolutionProperties) = preSolution
		HideSolutionNode = FALSE
	EndGlobalSection
	GlobalSection(ExtensibilityGlobals) = postSolution
		SolutionGuid = {BC59A64D-0728-4BFC-B465-ABFA727B0C1B}
	EndGlobalSection
EndGlobal
